
Microsoft Visual Studio Solution File, Format Version 12.00
# Visual Studio Version 16
VisualStudioVersion = 16.0.31205.134
MinimumVisualStudioVersion = 10.0.40219.1
Project("{FAE04EC0-301F-11D3-BF4B-00C04F79EFBC}") = "CDCE.Unpacker", "CDCE.Unpacker\CDCE.Unpacker.csproj", "{7AB02D42-9750-4FBB-9281-6C8CBCDADB82}"
EndProject
Global
	GlobalSection(SolutionConfigurationPlatforms) = preSolution
		Debug|Any CPU = Debug|Any CPU
		Release|Any CPU = Release|Any CPU
	EndGlobalSection
	GlobalSection(ProjectConfigurationPlatforms) = postSolution
		{7AB02D42-9750-4FBB-9281-6C8CBCDADB82}.Debug|Any CPU.ActiveCfg = Debug|Any CPU
		{7AB02D42-9750-4FBB-9281-6C8CBCDADB82}.Debug|Any CPU.Build.0 = Debug|Any CPU
		{7AB02D42-9750-4FBB-9281-6C8CBCDADB82}.Release|Any CPU.ActiveCfg = Release|Any CPU
		{7AB02D42-9750-4FBB-9281-6C8CBCDADB82}.Release|Any CPU.Build.0 = Release|Any CPU
	EndGlobalSection
	GlobalSection(SolutionProperties) = preSolution
		HideSolutionNode = FALSE
	EndGlobalSection
	GlobalSection(ExtensibilityGlobals) = postSolution
		SolutionGuid = {2E682FC4-99A0-49CA-B78F-0AEF0FE1D272}
	EndGlobalSection
EndGlobal
