
Microsoft Visual Studio Solution File, Format Version 12.00
# Visual Studio Version 16
VisualStudioVersion = 16.0.31205.134
MinimumVisualStudioVersion = 10.0.40219.1
Project("{FAE04EC0-301F-11D3-BF4B-00C04F79EFBC}") = "CDCE.Dumper", "CDCE.Dumper\CDCE.Dumper.csproj", "{1E50AB74-F3D2-4D48-A78E-2530C79B7934}"
EndProject
Global
	GlobalSection(SolutionConfigurationPlatforms) = preSolution
		Debug|Any CPU = Debug|Any CPU
		Release|Any CPU = Release|Any CPU
	EndGlobalSection
	GlobalSection(ProjectConfigurationPlatforms) = postSolution
		{1E50AB74-F3D2-4D48-A78E-2530C79B7934}.Debug|Any CPU.ActiveCfg = Debug|Any CPU
		{1E50AB74-F3D2-4D48-A78E-2530C79B7934}.Debug|Any CPU.Build.0 = Debug|Any CPU
		{1E50AB74-F3D2-4D48-A78E-2530C79B7934}.Release|Any CPU.ActiveCfg = Release|Any CPU
		{1E50AB74-F3D2-4D48-A78E-2530C79B7934}.Release|Any CPU.Build.0 = Release|Any CPU
	EndGlobalSection
	GlobalSection(SolutionProperties) = preSolution
		HideSolutionNode = FALSE
	EndGlobalSection
	GlobalSection(ExtensibilityGlobals) = postSolution
		SolutionGuid = {EBCC4739-79FB-435D-93FC-9E96BA0707E9}
	EndGlobalSection
EndGlobal
